{
    "_readme": [
        "This file locks the dependencies of your project to a known state",
        "Read more about it at http://getcomposer.org/doc/01-basic-usage.md#composer-lock-the-lock-file",
        "This file is @generated automatically"
    ],
    "hash": "fe96b996f5d96ee50cdbce7bf4ab0ab1",
    "packages": [
        {
            "name": "kellan/magpierss",
            "version": "dev-master",
            "source": {
                "type": "git",
                "url": "https://github.com/satishsuggala/magpierss.git",
                "reference": "669025871611100b269dce5dedc17ade0005c5cc"
            },
            "dist": {
                "type": "zip",
                "url": "https://api.github.com/repos/satishsuggala/magpierss/zipball/669025871611100b269dce5dedc17ade0005c5cc",
                "reference": "669025871611100b269dce5dedc17ade0005c5cc",
                "shasum": ""
            },
            "require": {
                "php": ">=5.3.0"
            },
            "type": "library",
            "notification-url": "https://packagist.org/downloads/",
            "description": "A simple RSS integration tool",
            "time": "2014-06-26 08:59:34"
        },
        {
            "name": "knplabs/gaufrette",
            "version": "v0.1.8",
            "source": {
                "type": "git",
                "url": "https://github.com/KnpLabs/Gaufrette.git",
                "reference": "b243f8f3ea535b7f080d51be5cc98a3f72c0b627"
            },
            "dist": {
                "type": "zip",
                "url": "https://api.github.com/repos/KnpLabs/Gaufrette/zipball/b243f8f3ea535b7f080d51be5cc98a3f72c0b627",
                "reference": "b243f8f3ea535b7f080d51be5cc98a3f72c0b627",
                "shasum": ""
            },
            "require": {
                "php": ">=5.3.2"
            },
            "require-dev": {
                "amazonwebservices/aws-sdk-for-php": "1.5.*",
                "aws/aws-sdk-php": "~2",
                "doctrine/dbal": ">=2.3",
                "dropbox-php/dropbox-php": "*",
                "herzult/php-ssh": "*",
                "microsoft/windowsazure": "dev-master",
                "mikey179/vfsstream": "~1.2.0",
                "phpseclib/phpseclib": "dev-master",
                "phpspec/phpspec": "2.0.*",
                "phpunit/phpunit": "3.7.*",
                "rackspace/php-opencloud": "1.9.*"
            },
            "suggest": {
                "amazonwebservices/aws-sdk-for-php": "to use the legacy Amazon S3 adapters",
                "aws/aws-sdk-php": "to use the Amazon S3 adapter",
                "doctrine/dbal": "to use the Doctrine DBAL adapter",
                "dropbox-php/dropbox-php": "to use the Dropbox adapter",
                "ext-apc": "to use the APC adapter",
                "ext-curl": "*",
                "ext-fileinfo": "This extension is used to automatically detect the content-type of a file in the AwsS3, OpenCloud, and AzureBlogStorage adapters",
                "ext-mbstring": "*",
                "ext-mongo": "*",
                "ext-zip": "to use the Zip adapter",
                "herzult/php-ssh": "to use SFtp adapter",
                "knplabs/knp-gaufrette-bundle": "to use with Symfony2",
                "microsoft/windowsazure": "to use Microsoft Azure Blob Storage adapter",
                "phpseclib/phpseclib": "to use PhpseclibSftp adapter",
                "rackspace/php-opencloud": "to use Opencloud adapter"
            },
            "type": "library",
            "extra": {
                "branch-alias": {
                    "dev-master": "0.2.x-dev"
                }
            },
            "autoload": {
                "psr-0": {
                    "Gaufrette": "src/"
                }
            },
            "notification-url": "https://packagist.org/downloads/",
            "license": [
                "MIT"
            ],
            "authors": [
                {
                    "name": "The contributors",
                    "homepage": "http://github.com/knplabs/Gaufrette/contributors"
                },
                {
                    "name": "KnpLabs Team",
                    "homepage": "http://knplabs.com"
                }
            ],
            "description": "PHP5 library that provides a filesystem abstraction layer",
            "homepage": "http://knplabs.com",
            "keywords": [
                "abstraction",
                "file",
                "filesystem",
                "media"
            ],
            "time": "2014-06-24 08:35:18"
        },
        {
            "name": "mgargano/simplehtmldom",
            "version": "1.5",
            "source": {
                "type": "git",
                "url": "https://github.com/matstars/simplehtmldom.git",
                "reference": "37fb0d7c1bda45c5a4cf14fdef56c1edf6aa42be"
            },
            "dist": {
                "type": "zip",
                "url": "https://api.github.com/repos/matstars/simplehtmldom/zipball/37fb0d7c1bda45c5a4cf14fdef56c1edf6aa42be",
                "reference": "37fb0d7c1bda45c5a4cf14fdef56c1edf6aa42be",
                "shasum": ""
            },
            "require": {
                "php": ">=5.3.0"
            },
            "type": "library",
            "autoload": {
                "psr-0": {
                    "SimpleHtmlDom": "src/"
                },
                "files": [
                    "src/simple_html_dom.php"
                ]
            },
            "notification-url": "https://packagist.org/downloads/",
            "license": [
                "The MIT License"
            ],
            "authors": [
                {
                    "name": "S.C. Chen",
                    "email": "me578022@gmail.com",
                    "homepage": "http://simplehtmldom.sourceforge.net/",
                    "role": "Lead Developer"
                }
            ],
            "description": "Composer package that gives you access to and (unlike all the others at this time) autoloads S.C. Chen's PHP Simple HTML DOM Parser Library",
            "homepage": "http://simplehtmldom.sourceforge.net/",
            "keywords": [
                "Simple",
                "dom",
                "html"
            ],
            "time": "2014-01-05 18:17:34"
        },
        {
            "name": "twig/twig",
            "version": "v1.16.2",
            "source": {
                "type": "git",
                "url": "https://github.com/fabpot/Twig.git",
                "reference": "42f758d9fe2146d1f0470604fc05ee43580873fc"
            },
            "dist": {
                "type": "zip",
                "url": "https://api.github.com/repos/fabpot/Twig/zipball/42f758d9fe2146d1f0470604fc05ee43580873fc",
                "reference": "42f758d9fe2146d1f0470604fc05ee43580873fc",
                "shasum": ""
            },
            "require": {
                "php": ">=5.2.4"
            },
            "type": "library",
            "extra": {
                "branch-alias": {
                    "dev-master": "1.16-dev"
                }
            },
            "autoload": {
                "psr-0": {
                    "Twig_": "lib/"
                }
            },
            "notification-url": "https://packagist.org/downloads/",
            "license": [
                "BSD-3-Clause"
            ],
            "authors": [
                {
                    "name": "Fabien Potencier",
                    "email": "fabien@symfony.com",
                    "homepage": "http://fabien.potencier.org",
                    "role": "Lead Developer"
                },
                {
                    "name": "Armin Ronacher",
                    "email": "armin.ronacher@active-4.com",
                    "role": "Project Founder"
                },
                {
                    "name": "Twig Team",
                    "homepage": "https://github.com/fabpot/Twig/graphs/contributors",
                    "role": "Contributors"
                }
            ],
            "description": "Twig, the flexible, fast, and secure template language for PHP",
            "homepage": "http://twig.sensiolabs.org",
            "keywords": [
                "templating"
            ],
            "time": "2014-10-17 12:53:44"
        }
    ],
    "packages-dev": [],
    "aliases": [],
    "minimum-stability": "stable",
    "stability-flags": {
        "kellan/magpierss": 20
    },
    "prefer-stable": false,
    "platform": {
        "php": ">=5.4.0",
        "ext-gd": "*"
    },
    "platform-dev": []
}
