{
    "_readme": [
        "This file locks the dependencies of your project to a known state",
        "Read more about it at http://getcomposer.org/doc/01-basic-usage.md#composer-lock-the-lock-file",
        "This file is @generated automatically"
    ],
    "hash": "1ad4f33130588987cb4fbda217d5074d",
    "packages": [
        {
            "name": "mgargano/simplehtmldom",
            "version": "1.5",
            "source": {
                "type": "git",
                "url": "https://github.com/matstars/simplehtmldom.git",
                "reference": "37fb0d7c1bda45c5a4cf14fdef56c1edf6aa42be"
            },
            "dist": {
                "type": "zip",
                "url": "https://api.github.com/repos/matstars/simplehtmldom/zipball/37fb0d7c1bda45c5a4cf14fdef56c1edf6aa42be",
                "reference": "37fb0d7c1bda45c5a4cf14fdef56c1edf6aa42be",
                "shasum": ""
            },
            "require": {
                "php": ">=5.3.0"
            },
            "type": "library",
            "autoload": {
                "psr-0": {
                    "SimpleHtmlDom": "src/"
                },
                "files": [
                    "src/simple_html_dom.php"
                ]
            },
            "notification-url": "https://packagist.org/downloads/",
            "license": [
                "The MIT License"
            ],
            "authors": [
                {
                    "name": "S.C. Chen",
                    "email": "me578022@gmail.com",
                    "homepage": "http://simplehtmldom.sourceforge.net/",
                    "role": "Lead Developer"
                }
            ],
            "description": "Composer package that gives you access to and (unlike all the others at this time) autoloads S.C. Chen's PHP Simple HTML DOM Parser Library",
            "homepage": "http://simplehtmldom.sourceforge.net/",
            "keywords": [
                "Simple",
                "dom",
                "html"
            ],
            "time": "2014-01-05 18:17:34"
        }
    ],
    "packages-dev": [],
    "aliases": [],
    "minimum-stability": "stable",
    "stability-flags": [],
    "prefer-stable": false,
    "platform": [],
    "platform-dev": []
}
