{
    "aptoma/twig-markdown": {
        "version": "3.2.0"
    },
    "clue/stream-filter": {
        "version": "v1.4.1"
    },
    "guzzlehttp/guzzle": {
        "version": "5.3.4"
    },
    "guzzlehttp/promises": {
        "version": "v1.3.1"
    },
    "guzzlehttp/psr7": {
        "version": "1.6.1"
    },
    "knplabs/github-api": {
        "version": "1.7.1"
    },
    "mgargano/simplehtmldom": {
        "version": "1.5"
    },
    "michelf/php-markdown": {
        "version": "1.9.0"
    },
    "php": {
        "version": "7.4"
    },
    "php-http/cache-plugin": {
        "version": "1.6.0"
    },
    "php-http/client-common": {
        "version": "2.1.0"
    },
    "php-http/discovery": {
        "version": "1.7.0"
    },
    "php-http/guzzle6-adapter": {
        "version": "v2.0.1"
    },
    "php-http/httplug": {
        "version": "v2.0.0"
    },
    "php-http/message": {
        "version": "1.8.0"
    },
    "php-http/message-factory": {
        "version": "v1.0.2"
    },
    "php-http/promise": {
        "version": "v1.0.0"
    },
    "psr/cache": {
        "version": "1.0.1"
    },
    "psr/container": {
        "version": "1.0.0"
    },
    "psr/event-dispatcher": {
        "version": "1.0.0"
    },
    "psr/http-client": {
        "version": "1.0.0"
    },
    "psr/http-factory": {
        "version": "1.0.1"
    },
    "psr/http-message": {
        "version": "1.0.1"
    },
    "psr/log": {
        "version": "1.1.2"
    },
    "ralouphie/getallheaders": {
        "version": "3.0.3"
    },
    "symfony/cache": {
        "version": "v4.4.1"
    },
    "symfony/cache-contracts": {
        "version": "v2.0.1"
    },
    "symfony/config": {
        "version": "v4.4.1"
    },
    "symfony/console": {
        "version": "4.4",
        "recipe": {
            "repo": "github.com/symfony/recipes",
            "branch": "master",
            "version": "4.4",
            "ref": "59d8cc5a923274e552412fcd51e284bba02982de"
        },
        "files": [
            "bin/console",
            "config/bootstrap.php"
        ]
    },
    "symfony/dependency-injection": {
        "version": "v4.4.1"
    },
    "symfony/deprecation-contracts": {
        "version": "v2.2.0"
    },
    "symfony/dotenv": {
        "version": "v4.4.1"
    },
    "symfony/error-handler": {
        "version": "v4.4.1"
    },
    "symfony/event-dispatcher": {
        "version": "v4.4.1"
    },
    "symfony/event-dispatcher-contracts": {
        "version": "v1.1.7"
    },
    "symfony/filesystem": {
        "version": "v4.4.1"
    },
    "symfony/finder": {
        "version": "v4.4.1"
    },
    "symfony/flex": {
        "version": "1.0",
        "recipe": {
            "repo": "github.com/symfony/recipes",
            "branch": "master",
            "version": "1.0",
            "ref": "19fa03bacd9a6619583d1e4939da4388df22984d"
        },
        "files": [
            ".env"
        ]
    },
    "symfony/framework-bundle": {
        "version": "4.4",
        "recipe": {
            "repo": "github.com/symfony/recipes",
            "branch": "master",
            "version": "4.4",
            "ref": "9b91ef29da037baeec4c3715cf55bea2a165c902"
        },
        "files": [
            "config/bootstrap.php",
            "config/packages/cache.yaml",
            "config/packages/framework.yaml",
            "config/packages/test/framework.yaml",
            "config/routes/dev/framework.yaml",
            "config/secrets/prod/.gitignore",
            "config/services.yaml",
            "public/index.php",
            "src/Controller/.gitignore",
            "src/Kernel.php"
        ]
    },
    "symfony/http-foundation": {
        "version": "v4.4.1"
    },
    "symfony/http-kernel": {
        "version": "v4.4.1"
    },
    "symfony/options-resolver": {
        "version": "v4.4.1"
    },
    "symfony/polyfill-intl-grapheme": {
        "version": "v1.18.1"
    },
    "symfony/polyfill-intl-idn": {
        "version": "v1.13.1"
    },
    "symfony/polyfill-intl-normalizer": {
        "version": "v1.18.1"
    },
    "symfony/polyfill-mbstring": {
        "version": "v1.13.1"
    },
    "symfony/polyfill-php72": {
        "version": "v1.13.1"
    },
    "symfony/polyfill-php73": {
        "version": "v1.13.1"
    },
    "symfony/polyfill-php80": {
        "version": "v1.18.1"
    },
    "symfony/routing": {
        "version": "4.2",
        "recipe": {
            "repo": "github.com/symfony/recipes",
            "branch": "master",
            "version": "4.2",
            "ref": "683dcb08707ba8d41b7e34adb0344bfd68d248a7"
        },
        "files": [
            "config/packages/prod/routing.yaml",
            "config/packages/routing.yaml",
            "config/routes.yaml"
        ]
    },
    "symfony/service-contracts": {
        "version": "v2.0.1"
    },
    "symfony/string": {
        "version": "v5.1.5"
    },
    "symfony/translation": {
        "version": "3.3",
        "recipe": {
            "repo": "github.com/symfony/recipes",
            "branch": "master",
            "version": "3.3",
            "ref": "2ad9d2545bce8ca1a863e50e92141f0b9d87ffcd"
        },
        "files": [
            "config/packages/translation.yaml",
            "translations/.gitignore"
        ]
    },
    "symfony/translation-contracts": {
        "version": "v2.0.1"
    },
    "symfony/twig-bridge": {
        "version": "v4.4.1"
    },
    "symfony/twig-bundle": {
        "version": "4.4",
        "recipe": {
            "repo": "github.com/symfony/recipes",
            "branch": "master",
            "version": "4.4",
            "ref": "15a41bbd66a1323d09824a189b485c126bbefa51"
        },
        "files": [
            "config/packages/test/twig.yaml",
            "config/packages/twig.yaml",
            "templates/base.html.twig"
        ]
    },
    "symfony/var-dumper": {
        "version": "v4.4.1"
    },
    "symfony/var-exporter": {
        "version": "v4.4.1"
    },
    "symfony/yaml": {
        "version": "v4.4.1"
    },
    "twig/extensions": {
        "version": "1.0",
        "recipe": {
            "repo": "github.com/symfony/recipes",
            "branch": "master",
            "version": "1.0",
            "ref": "a86723ee8d8b2f9437c8ce60a5546a1c267da5ed"
        },
        "files": [
            "config/packages/twig_extensions.yaml"
        ]
    },
    "twig/twig": {
        "version": "v2.12.2"
    }
}
