{
    "clue/stream-filter": {
        "version": "v1.5.0"
    },
    "guzzlehttp/guzzle": {
        "version": "7.3.0"
    },
    "guzzlehttp/promises": {
        "version": "1.4.1"
    },
    "guzzlehttp/psr7": {
        "version": "1.8.2"
    },
    "http-interop/http-factory-guzzle": {
        "version": "1.0.0"
    },
    "knplabs/github-api": {
        "version": "2.6",
        "recipe": {
            "repo": "github.com/symfony/recipes-contrib",
            "branch": "master",
            "version": "2.6",
            "ref": "a7d5781e4a8e84f1c238c43e4c9bb806f01d8a3f"
        },
        "files": [
            "config/packages/github_api.yaml"
        ]
    },
    "mgargano/simplehtmldom": {
        "version": "1.5"
    },
    "php-http/cache-plugin": {
        "version": "1.7.2"
    },
    "php-http/client-common": {
        "version": "2.3.0"
    },
    "php-http/discovery": {
        "version": "1.19",
        "recipe": {
            "repo": "github.com/symfony/recipes",
            "branch": "main",
            "version": "1.18",
            "ref": "f45b5dd173a27873ab19f5e3180b2f661c21de02"
        },
        "files": [
            "config/packages/http_discovery.yaml"
        ]
    },
    "php-http/guzzle7-adapter": {
        "version": "1.0.0"
    },
    "php-http/httplug": {
        "version": "2.2.0"
    },
    "php-http/message": {
        "version": "1.11.0"
    },
    "php-http/multipart-stream-builder": {
        "version": "1.1.2"
    },
    "php-http/promise": {
        "version": "1.1.0"
    },
    "psr/cache": {
        "version": "1.0.1"
    },
    "psr/container": {
        "version": "1.1.1"
    },
    "psr/event-dispatcher": {
        "version": "1.0.0"
    },
    "psr/http-client": {
        "version": "1.0.1"
    },
    "psr/http-factory": {
        "version": "1.0.1"
    },
    "psr/http-message": {
        "version": "1.0.1"
    },
    "psr/log": {
        "version": "1.1.4"
    },
    "ralouphie/getallheaders": {
        "version": "3.0.3"
    },
    "symfony/cache": {
        "version": "v5.2.7"
    },
    "symfony/cache-contracts": {
        "version": "v2.4.0"
    },
    "symfony/config": {
        "version": "v5.2.7"
    },
    "symfony/console": {
        "version": "7.0",
        "recipe": {
            "repo": "github.com/symfony/recipes",
            "branch": "main",
            "version": "5.3",
            "ref": "1781ff40d8a17d87cf53f8d4cf0c8346ed2bb461"
        },
        "files": [
            "bin/console"
        ]
    },
    "symfony/dependency-injection": {
        "version": "v5.2.7"
    },
    "symfony/deprecation-contracts": {
        "version": "v2.4.0"
    },
    "symfony/dotenv": {
        "version": "v5.2.4"
    },
    "symfony/error-handler": {
        "version": "v5.2.7"
    },
    "symfony/event-dispatcher": {
        "version": "v5.2.4"
    },
    "symfony/event-dispatcher-contracts": {
        "version": "v2.4.0"
    },
    "symfony/filesystem": {
        "version": "v5.2.7"
    },
    "symfony/finder": {
        "version": "v5.2.4"
    },
    "symfony/flex": {
        "version": "2.4",
        "recipe": {
            "repo": "github.com/symfony/recipes",
            "branch": "main",
            "version": "2.4",
            "ref": "52e9754527a15e2b79d9a610f98185a1fe46622a"
        },
        "files": [
            ".env",
            ".env.dev"
        ]
    },
    "symfony/framework-bundle": {
        "version": "7.3",
        "recipe": {
            "repo": "github.com/symfony/recipes",
            "branch": "main",
            "version": "7.3",
            "ref": "5a1497d539f691b96afd45ae397ce5fe30beb4b9"
        },
        "files": [
            ".editorconfig",
            "config/packages/cache.yaml",
            "config/packages/framework.yaml",
            "config/preload.php",
            "config/routes/framework.yaml",
            "config/services.yaml",
            "public/index.php",
            "src/Controller/.gitignore",
            "src/Kernel.php"
        ]
    },
    "symfony/http-foundation": {
        "version": "v5.2.7"
    },
    "symfony/http-kernel": {
        "version": "v5.2.7"
    },
    "symfony/maker-bundle": {
        "version": "1.53",
        "recipe": {
            "repo": "github.com/symfony/recipes",
            "branch": "main",
            "version": "1.0",
            "ref": "fadbfe33303a76e25cb63401050439aa9b1a9c7f"
        }
    },
    "symfony/options-resolver": {
        "version": "v5.2.4"
    },
    "symfony/polyfill-intl-grapheme": {
        "version": "v1.22.1"
    },
    "symfony/polyfill-intl-normalizer": {
        "version": "v1.22.1"
    },
    "symfony/polyfill-mbstring": {
        "version": "v1.22.1"
    },
    "symfony/polyfill-php80": {
        "version": "v1.22.1"
    },
    "symfony/routing": {
        "version": "7.3",
        "recipe": {
            "repo": "github.com/symfony/recipes",
            "branch": "main",
            "version": "7.0",
            "ref": "ab1e60e2afd5c6f4a6795908f646e235f2564eb2"
        },
        "files": [
            "config/packages/routing.yaml",
            "config/routes.yaml"
        ]
    },
    "symfony/runtime": {
        "version": "v6.0.5"
    },
    "symfony/service-contracts": {
        "version": "v2.4.0"
    },
    "symfony/string": {
        "version": "v5.2.6"
    },
    "symfony/translation": {
        "version": "6.3",
        "recipe": {
            "repo": "github.com/symfony/recipes",
            "branch": "main",
            "version": "6.3",
            "ref": "e28e27f53663cc34f0be2837aba18e3a1bef8e7b"
        },
        "files": [
            "config/packages/translation.yaml",
            "translations/.gitignore"
        ]
    },
    "symfony/translation-contracts": {
        "version": "v2.4.0"
    },
    "symfony/twig-bridge": {
        "version": "v5.2.7"
    },
    "symfony/twig-bundle": {
        "version": "6.4",
        "recipe": {
            "repo": "github.com/symfony/recipes",
            "branch": "main",
            "version": "6.4",
            "ref": "cab5fd2a13a45c266d45a7d9337e28dee6272877"
        },
        "files": [
            "config/packages/twig.yaml",
            "templates/base.html.twig"
        ]
    },
    "symfony/var-dumper": {
        "version": "v5.2.7"
    },
    "symfony/var-exporter": {
        "version": "v5.2.7"
    },
    "symfony/yaml": {
        "version": "v5.2.7"
    },
    "twig/extra-bundle": {
        "version": "v3.7.0"
    },
    "twig/twig": {
        "version": "v2.14.4"
    }
}
